<?xml version="1.0" encoding="utf-8"?>
<Project ToolsVersion="4.0" xmlns="http://schemas.microsoft.com/developer/msbuild/2003">
  <ItemGroup>
    <Filter Include="Source Files">
      <UniqueIdentifier>{4FC737F1-C7A5-4376-A066-2A32D752A2FF}</UniqueIdentifier>
      <Extensions>cpp;c;cc;cxx;c++;cppm;ixx;def;odl;idl;hpj;bat;asm;asmx</Extensions>
    </Filter>
    <Filter Include="Header Files">
      <UniqueIdentifier>{93995380-89BD-4b04-88EB-625FBE52EBFB}</UniqueIdentifier>
      <Extensions>h;hh;hpp;hxx;h++;hm;inl;inc;ipp;xsd</Extensions>
    </Filter>
    <Filter Include="Resource Files">
      <UniqueIdentifier>{67DA6AB6-F800-4c08-8B7A-83BB121AAD01}</UniqueIdentifier>
      <Extensions>rc;ico;cur;bmp;dlg;rc2;rct;bin;rgs;gif;jpg;jpeg;jpe;resx;tiff;tif;png;wav;mfcribbon-ms</Extensions>
    </Filter>
    <Filter Include="Source Files\Test">
      <UniqueIdentifier>{f0ed0d89-16b8-47f2-afc1-8995803fe41d}</UniqueIdentifier>
    </Filter>
    <Filter Include="Header Files\Core">
      <UniqueIdentifier>{ff1e3018-1c5c-40a6-8f08-ac974f352813}</UniqueIdentifier>
    </Filter>
    <Filter Include="Source Files\Core">
      <UniqueIdentifier>{10ec211d-aeda-4b06-a612-f30b87e324b0}</UniqueIdentifier>
    </Filter>
    <Filter Include="Source Files\Types">
      <UniqueIdentifier>{f728fec5-e918-4056-9080-51aa387bc875}</UniqueIdentifier>
    </Filter>
    <Filter Include="Header Files\Types">
      <UniqueIdentifier>{525118ea-1739-4347-adab-a0b289809666}</UniqueIdentifier>
    </Filter>
    <Filter Include="Header Files\Types\Monsters">
      <UniqueIdentifier>{f61ccb27-a6b0-4f29-8cac-0bc3e81bd6fc}</UniqueIdentifier>
    </Filter>
  </ItemGroup>
  <ItemGroup>
    <ClCompile Include="main.cpp">
      <Filter>Source Files</Filter>
    </ClCompile>
    <ClCompile Include="test\test_main.cpp">
      <Filter>Source Files\Test</Filter>
    </ClCompile>
    <ClCompile Include="Core\GameManager.cpp">
      <Filter>Source Files\Core</Filter>
    </ClCompile>
    <ClCompile Include="Types\Actor.cpp">
      <Filter>Source Files\Types</Filter>
    </ClCompile>
    <ClCompile Include="Types\Character\Character.cpp">
      <Filter>Source Files\Types</Filter>
    </ClCompile>
    <ClCompile Include="Types\Item\Item.cpp">
      <Filter>Source Files\Types</Filter>
    </ClCompile>
    <ClCompile Include="Types\Monster\Monster.cpp">
      <Filter>Source Files\Types</Filter>
    </ClCompile>
    <ClCompile Include="Types\Monster\Dragon.cpp">
      <Filter>Source Files\Types</Filter>
    </ClCompile>
  </ItemGroup>
  <ItemGroup>
    <ClInclude Include="Core\GameManager.h">
      <Filter>Header Files\Core</Filter>
    </ClInclude>
    <ClInclude Include="Types\Actor.h">
      <Filter>Header Files\Types</Filter>
    </ClInclude>
    <ClInclude Include="Types\Character\Character.h">
      <Filter>Header Files\Types</Filter>
    </ClInclude>
    <ClInclude Include="Types\Item\Item.h">
      <Filter>Header Files\Types</Filter>
    </ClInclude>
    <ClInclude Include="Types\Monster\Monster.h">
      <Filter>Header Files\Types</Filter>
    </ClInclude>
    <ClInclude Include="Types\Monster\Orc.h">
      <Filter>Header Files\Types\Monsters</Filter>
    </ClInclude>
    <ClInclude Include="Types\Monster\Goblin.h">
      <Filter>Header Files\Types\Monsters</Filter>
    </ClInclude>
    <ClInclude Include="Types\Monster\Troll.h">
      <Filter>Header Files\Types\Monsters</Filter>
    </ClInclude>
    <ClInclude Include="Types\Monster\Slime.h">
      <Filter>Header Files\Types\Monsters</Filter>
    </ClInclude>
    <ClInclude Include="Types\Monster\Dragon.h">
      <Filter>Header Files\Types\Monsters</Filter>
    </ClInclude>
  </ItemGroup>
</Project>